// !$*UTF8*$!
{
	archiveVersion = 1;
	classes = {
	};
	objectVersion = 77;
	objects = {

/* Begin PBXContainerItemProxy section */
		8D5EE4FB2C903BBF00A5E920 /* PBXContainerItemProxy */ = {
			isa = PBXContainerItemProxy;
			containerPortal = 8D5EE4E02C903BBD00A5E920 /* Project object */;
			proxyType = 1;
			remoteGlobalIDString = 8D5EE4E72C903BBD00A5E920;
			remoteInfo = h240910SwiftUIApp;
		};
		8D5EE5052C903BBF00A5E920 /* PBXContainerItemProxy */ = {
			isa = PBXContainerItemProxy;
			containerPortal = 8D5EE4E02C903BBD00A5E920 /* Project object */;
			proxyType = 1;
			remoteGlobalIDString = 8D5EE4E72C903BBD00A5E920;
			remoteInfo = h240910SwiftUIApp;
		};
/* End PBXContainerItemProxy section */

/* Begin PBXFileReference section */
		8D5EE4E82C903BBD00A5E920 /* h240910SwiftUIApp.app */ = {isa = PBXFileReference; explicitFileType = wrapper.application; includeInIndex = 0; path = h240910SwiftUIApp.app; sourceTree = BUILT_PRODUCTS_DIR; };
		8D5EE4FA2C903BBF00A5E920 /* h240910SwiftUIAppTests.xctest */ = {isa = PBXFileReference; explicitFileType = wrapper.cfbundle; includeInIndex = 0; path = h240910SwiftUIAppTests.xctest; sourceTree = BUILT_PRODUCTS_DIR; };
		8D5EE5042C903BBF00A5E920 /* h240910SwiftUIAppUITests.xctest */ = {isa = PBXFileReference; explicitFileType = wrapper.cfbundle; includeInIndex = 0; path = h240910SwiftUIAppUITests.xctest; sourceTree = BUILT_PRODUCTS_DIR; };
/* End PBXFileReference section */

/* Begin PBXFileSystemSynchronizedRootGroup section */
		8D5EE4EA2C903BBD00A5E920 /* h240910SwiftUIApp */ = {
			isa = PBXFileSystemSynchronizedRootGroup;
			path = h240910SwiftUIApp;
			sourceTree = "<group>";
		};
		8D5EE4FD2C903BBF00A5E920 /* h240910SwiftUIAppTests */ = {
			isa = PBXFileSystemSynchronizedRootGroup;
			path = h240910SwiftUIAppTests;
			sourceTree = "<group>";
		};
		8D5EE5072C903BBF00A5E920 /* h240910SwiftUIAppUITests */ = {
			isa = PBXFileSystemSynchronizedRootGroup;
			path = h240910SwiftUIAppUITests;
			sourceTree = "<group>";
		};
/* End PBXFileSystemSynchronizedRootGroup section */

/* Begin PBXFrameworksBuildPhase section */
		8D5EE4E52C903BBD00A5E920 /* Frameworks */ = {
			isa = PBXFrameworksBuildPhase;
			buildActionMask = 2147483647;
			files = (
			);
			runOnlyForDeploymentPostprocessing = 0;
		};
		8D5EE4F72C903BBF00A5E920 /* Frameworks */ = {
			isa = PBXFrameworksBuildPhase;
			buildActionMask = 2147483647;
			files = (
			);
			runOnlyForDeploymentPostprocessing = 0;
		};
		8D5EE5012C903BBF00A5E920 /* Frameworks */ = {
			isa = PBXFrameworksBuildPhase;
			buildActionMask = 2147483647;
			files = (
			);
			runOnlyForDeploymentPostprocessing = 0;
		};
/* End PBXFrameworksBuildPhase section */

/* Begin PBXGroup section */
		8D5EE4DF2C903BBD00A5E920 = {
			isa = PBXGroup;
			children = (
				8D5EE4EA2C903BBD00A5E920 /* h240910SwiftUIApp */,
				8D5EE4FD2C903BBF00A5E920 /* h240910SwiftUIAppTests */,
				8D5EE5072C903BBF00A5E920 /* h240910SwiftUIAppUITests */,
				8D5EE4E92C903BBD00A5E920 /* Products */,
			);
			sourceTree = "<group>";
		};
		8D5EE4E92C903BBD00A5E920 /* Products */ = {
			isa = PBXGroup;
			children = (
				8D5EE4E82C903BBD00A5E920 /* h240910SwiftUIApp.app */,
				8D5EE4FA2C903BBF00A5E920 /* h240910SwiftUIAppTests.xctest */,
				8D5EE5042C903BBF00A5E920 /* h240910SwiftUIAppUITests.xctest */,
			);
			name = Products;
			sourceTree = "<group>";
		};
/* End PBXGroup section */

/* Begin PBXNativeTarget section */
		8D5EE4E72C903BBD00A5E920 /* h240910SwiftUIApp */ = {
			isa = PBXNativeTarget;
			buildConfigurationList = 8D5EE50E2C903BBF00A5E920 /* Build configuration list for PBXNativeTarget "h240910SwiftUIApp" */;
			buildPhases = (
				8D5EE4E42C903BBD00A5E920 /* Sources */,
				8D5EE4E52C903BBD00A5E920 /* Frameworks */,
				8D5EE4E62C903BBD00A5E920 /* Resources */,
			);
			buildRules = (
			);
			dependencies = (
			);
			fileSystemSynchronizedGroups = (
				8D5EE4EA2C903BBD00A5E920 /* h240910SwiftUIApp */,
			);
			name = h240910SwiftUIApp;
			packageProductDependencies = (
			);
			productName = h240910SwiftUIApp;
			productReference = 8D5EE4E82C903BBD00A5E920 /* h240910SwiftUIApp.app */;
			productType = "com.apple.product-type.application";
		};
		8D5EE4F92C903BBF00A5E920 /* h240910SwiftUIAppTests */ = {
			isa = PBXNativeTarget;
			buildConfigurationList = 8D5EE5112C903BBF00A5E920 /* Build configuration list for PBXNativeTarget "h240910SwiftUIAppTests" */;
			buildPhases = (
				8D5EE4F62C903BBF00A5E920 /* Sources */,
				8D5EE4F72C903BBF00A5E920 /* Frameworks */,
				8D5EE4F82C903BBF00A5E920 /* Resources */,
			);
			buildRules = (
			);
			dependencies = (
				8D5EE4FC2C903BBF00A5E920 /* PBXTargetDependency */,
			);
			fileSystemSynchronizedGroups = (
				8D5EE4FD2C903BBF00A5E920 /* h240910SwiftUIAppTests */,
			);
			name = h240910SwiftUIAppTests;
			packageProductDependencies = (
			);
			productName = h240910SwiftUIAppTests;
			productReference = 8D5EE4FA2C903BBF00A5E920 /* h240910SwiftUIAppTests.xctest */;
			productType = "com.apple.product-type.bundle.unit-test";
		};
		8D5EE5032C903BBF00A5E920 /* h240910SwiftUIAppUITests */ = {
			isa = PBXNativeTarget;
			buildConfigurationList = 8D5EE5142C903BBF00A5E920 /* Build configuration list for PBXNativeTarget "h240910SwiftUIAppUITests" */;
			buildPhases = (
				8D5EE5002C903BBF00A5E920 /* Sources */,
				8D5EE5012C903BBF00A5E920 /* Frameworks */,
				8D5EE5022C903BBF00A5E920 /* Resources */,
			);
			buildRules = (
			);
			dependencies = (
				8D5EE5062C903BBF00A5E920 /* PBXTargetDependency */,
			);
			fileSystemSynchronizedGroups = (
				8D5EE5072C903BBF00A5E920 /* h240910SwiftUIAppUITests */,
			);
			name = h240910SwiftUIAppUITests;
			packageProductDependencies = (
			);
			productName = h240910SwiftUIAppUITests;
			productReference = 8D5EE5042C903BBF00A5E920 /* h240910SwiftUIAppUITests.xctest */;
			productType = "com.apple.product-type.bundle.ui-testing";
		};
/* End PBXNativeTarget section */

/* Begin PBXProject section */
		8D5EE4E02C903BBD00A5E920 /* Project object */ = {
			isa = PBXProject;
			attributes = {
				BuildIndependentTargetsInParallel = 1;
				LastSwiftUpdateCheck = 1600;
				LastUpgradeCheck = 1600;
				TargetAttributes = {
					8D5EE4E72C903BBD00A5E920 = {
						CreatedOnToolsVersion = 16.0;
					};
					8D5EE4F92C903BBF00A5E920 = {
						CreatedOnToolsVersion = 16.0;
						TestTargetID = 8D5EE4E72C903BBD00A5E920;
					};
					8D5EE5032C903BBF00A5E920 = {
						CreatedOnToolsVersion = 16.0;
						TestTargetID = 8D5EE4E72C903BBD00A5E920;
					};
				};
			};
			buildConfigurationList = 8D5EE4E32C903BBD00A5E920 /* Build configuration list for PBXProject "h240910SwiftUIApp" */;
			developmentRegion = en;
			hasScannedForEncodings = 0;
			knownRegions = (
				en,
				Base,
			);
			mainGroup = 8D5EE4DF2C903BBD00A5E920;
			minimizedProjectReferenceProxies = 1;
			preferredProjectObjectVersion = 77;
			productRefGroup = 8D5EE4E92C903BBD00A5E920 /* Products */;
			projectDirPath = "";
			projectRoot = "";
			targets = (
				8D5EE4E72C903BBD00A5E920 /* h240910SwiftUIApp */,
				8D5EE4F92C903BBF00A5E920 /* h240910SwiftUIAppTests */,
				8D5EE5032C903BBF00A5E920 /* h240910SwiftUIAppUITests */,
			);
		};
/* End PBXProject section */

/* Begin PBXResourcesBuildPhase section */
		8D5EE4E62C903BBD00A5E920 /* Resources */ = {
			isa = PBXResourcesBuildPhase;
			buildActionMask = 2147483647;
			files = (
			);
			runOnlyForDeploymentPostprocessing = 0;
		};
		8D5EE4F82C903BBF00A5E920 /* Resources */ = {
			isa = PBXResourcesBuildPhase;
			buildActionMask = 2147483647;
			files = (
			);
			runOnlyForDeploymentPostprocessing = 0;
		};
		8D5EE5022C903BBF00A5E920 /* Resources */ = {
			isa = PBXResourcesBuildPhase;
			buildActionMask = 2147483647;
			files = (
			);
			runOnlyForDeploymentPostprocessing = 0;
		};
/* End PBXResourcesBuildPhase section */

/* Begin PBXSourcesBuildPhase section */
		8D5EE4E42C903BBD00A5E920 /* Sources */ = {
			isa = PBXSourcesBuildPhase;
			buildActionMask = 2147483647;
			files = (
			);
			runOnlyForDeploymentPostprocessing = 0;
		};
		8D5EE4F62C903BBF00A5E920 /* Sources */ = {
			isa = PBXSourcesBuildPhase;
			buildActionMask = 2147483647;
			files = (
			);
			runOnlyForDeploymentPostprocessing = 0;
		};
		8D5EE5002C903BBF00A5E920 /* Sources */ = {
			isa = PBXSourcesBuildPhase;
			buildActionMask = 2147483647;
			files = (
			);
			runOnlyForDeploymentPostprocessing = 0;
		};
/* End PBXSourcesBuildPhase section */

/* Begin PBXTargetDependency section */
		8D5EE4FC2C903BBF00A5E920 /* PBXTargetDependency */ = {
			isa = PBXTargetDependency;
			target = 8D5EE4E72C903BBD00A5E920 /* h240910SwiftUIApp */;
			targetProxy = 8D5EE4FB2C903BBF00A5E920 /* PBXContainerItemProxy */;
		};
		8D5EE5062C903BBF00A5E920 /* PBXTargetDependency */ = {
			isa = PBXTargetDependency;
			target = 8D5EE4E72C903BBD00A5E920 /* h240910SwiftUIApp */;
			targetProxy = 8D5EE5052C903BBF00A5E920 /* PBXContainerItemProxy */;
		};
/* End PBXTargetDependency section */

/* Begin XCBuildConfiguration section */
		8D5EE50C2C903BBF00A5E920 /* Debug */ = {
			isa = XCBuildConfiguration;
			buildSettings = {
				ALWAYS_SEARCH_USER_PATHS = NO;
				ASSETCATALOG_COMPILER_GENERATE_SWIFT_ASSET_SYMBOL_EXTENSIONS = YES;
				CLANG_ANALYZER_NONNULL = YES;
				CLANG_ANALYZER_NUMBER_OBJECT_CONVERSION = YES_AGGRESSIVE;
				CLANG_CXX_LANGUAGE_STANDARD = "gnu++20";
				CLANG_ENABLE_MODULES = YES;
				CLANG_ENABLE_OBJC_ARC = YES;
				CLANG_ENABLE_OBJC_WEAK = YES;
				CLANG_WARN_BLOCK_CAPTURE_AUTORELEASING = YES;
				CLANG_WARN_BOOL_CONVERSION = YES;
				CLANG_WARN_COMMA = YES;
				CLANG_WARN_CONSTANT_CONVERSION = YES;
				CLANG_WARN_DEPRECATED_OBJC_IMPLEMENTATIONS = YES;
				CLANG_WARN_DIRECT_OBJC_ISA_USAGE = YES_ERROR;
				CLANG_WARN_DOCUMENTATION_COMMENTS = YES;
				CLANG_WARN_EMPTY_BODY = YES;
				CLANG_WARN_ENUM_CONVERSION = YES;
				CLANG_WARN_INFINITE_RECURSION = YES;
				CLANG_WARN_INT_CONVERSION = YES;
				CLANG_WARN_NON_LITERAL_NULL_CONVERSION = YES;
				CLANG_WARN_OBJC_IMPLICIT_RETAIN_SELF = YES;
				CLANG_WARN_OBJC_LITERAL_CONVERSION = YES;
				CLANG_WARN_OBJC_ROOT_CLASS = YES_ERROR;
				CLANG_WARN_QUOTED_INCLUDE_IN_FRAMEWORK_HEADER = YES;
				CLANG_WARN_RANGE_LOOP_ANALYSIS = YES;
				CLANG_WARN_STRICT_PROTOTYPES = YES;
				CLANG_WARN_SUSPICIOUS_MOVE = YES;
				CLANG_WARN_UNGUARDED_AVAILABILITY = YES_AGGRESSIVE;
				CLANG_WARN_UNREACHABLE_CODE = YES;
				CLANG_WARN__DUPLICATE_METHOD_MATCH = YES;
				COPY_PHASE_STRIP = NO;
				DEBUG_INFORMATION_FORMAT = dwarf;
				ENABLE_STRICT_OBJC_MSGSEND = YES;
				ENABLE_TESTABILITY = YES;
				ENABLE_USER_SCRIPT_SANDBOXING = YES;
				GCC_C_LANGUAGE_STANDARD = gnu17;
				GCC_DYNAMIC_NO_PIC = NO;
				GCC_NO_COMMON_BLOCKS = YES;
				GCC_OPTIMIZATION_LEVEL = 0;
				GCC_PREPROCESSOR_DEFINITIONS = (
					"DEBUG=1",
					"$(inherited)",
				);
				GCC_WARN_64_TO_32_BIT_CONVERSION = YES;
				GCC_WARN_ABOUT_RETURN_TYPE = YES_ERROR;
				GCC_WARN_UNDECLARED_SELECTOR = YES;
				GCC_WARN_UNINITIALIZED_AUTOS = YES_AGGRESSIVE;
				GCC_WARN_UNUSED_FUNCTION = YES;
				GCC_WARN_UNUSED_VARIABLE = YES;
				IPHONEOS_DEPLOYMENT_TARGET = 18.0;
				LOCALIZATION_PREFERS_STRING_CATALOGS = YES;
				MTL_ENABLE_DEBUG_INFO = INCLUDE_SOURCE;
				MTL_FAST_MATH = YES;
				ONLY_ACTIVE_ARCH = YES;
				SDKROOT = iphoneos;
				SWIFT_ACTIVE_COMPILATION_CONDITIONS = "DEBUG $(inherited)";
				SWIFT_OPTIMIZATION_LEVEL = "-Onone";
			};
			name = Debug;
		};
		8D5EE50D2C903BBF00A5E920 /* Release */ = {
			isa = XCBuildConfiguration;
			buildSettings = {
				ALWAYS_SEARCH_USER_PATHS = NO;
				ASSETCATALOG_COMPILER_GENERATE_SWIFT_ASSET_SYMBOL_EXTENSIONS = YES;
				CLANG_ANALYZER_NONNULL = YES;
				CLANG_ANALYZER_NUMBER_OBJECT_CONVERSION = YES_AGGRESSIVE;
				CLANG_CXX_LANGUAGE_STANDARD = "gnu++20";
				CLANG_ENABLE_MODULES = YES;
				CLANG_ENABLE_OBJC_ARC = YES;
				CLANG_ENABLE_OBJC_WEAK = YES;
				CLANG_WARN_BLOCK_CAPTURE_AUTORELEASING = YES;
				CLANG_WARN_BOOL_CONVERSION = YES;
				CLANG_WARN_COMMA = YES;
				CLANG_WARN_CONSTANT_CONVERSION = YES;
				CLANG_WARN_DEPRECATED_OBJC_IMPLEMENTATIONS = YES;
				CLANG_WARN_DIRECT_OBJC_ISA_USAGE = YES_ERROR;
				CLANG_WARN_DOCUMENTATION_COMMENTS = YES;
				CLANG_WARN_EMPTY_BODY = YES;
				CLANG_WARN_ENUM_CONVERSION = YES;
				CLANG_WARN_INFINITE_RECURSION = YES;
				CLANG_WARN_INT_CONVERSION = YES;
				CLANG_WARN_NON_LITERAL_NULL_CONVERSION = YES;
				CLANG_WARN_OBJC_IMPLICIT_RETAIN_SELF = YES;
				CLANG_WARN_OBJC_LITERAL_CONVERSION = YES;
				CLANG_WARN_OBJC_ROOT_CLASS = YES_ERROR;
				CLANG_WARN_QUOTED_INCLUDE_IN_FRAMEWORK_HEADER = YES;
				CLANG_WARN_RANGE_LOOP_ANALYSIS = YES;
				CLANG_WARN_STRICT_PROTOTYPES = YES;
				CLANG_WARN_SUSPICIOUS_MOVE = YES;
				CLANG_WARN_UNGUARDED_AVAILABILITY = YES_AGGRESSIVE;
				CLANG_WARN_UNREACHABLE_CODE = YES;
				CLANG_WARN__DUPLICATE_METHOD_MATCH = YES;
				COPY_PHASE_STRIP = NO;
				DEBUG_INFORMATION_FORMAT = "dwarf-with-dsym";
				ENABLE_NS_ASSERTIONS = NO;
				ENABLE_STRICT_OBJC_MSGSEND = YES;
				ENABLE_USER_SCRIPT_SANDBOXING = YES;
				GCC_C_LANGUAGE_STANDARD = gnu17;
				GCC_NO_COMMON_BLOCKS = YES;
				GCC_WARN_64_TO_32_BIT_CONVERSION = YES;
				GCC_WARN_ABOUT_RETURN_TYPE = YES_ERROR;
				GCC_WARN_UNDECLARED_SELECTOR = YES;
				GCC_WARN_UNINITIALIZED_AUTOS = YES_AGGRESSIVE;
				GCC_WARN_UNUSED_FUNCTION = YES;
				GCC_WARN_UNUSED_VARIABLE = YES;
				IPHONEOS_DEPLOYMENT_TARGET = 18.0;
				LOCALIZATION_PREFERS_STRING_CATALOGS = YES;
				MTL_ENABLE_DEBUG_INFO = NO;
				MTL_FAST_MATH = YES;
				SDKROOT = iphoneos;
				SWIFT_COMPILATION_MODE = wholemodule;
				VALIDATE_PRODUCT = YES;
			};
			name = Release;
		};
		8D5EE50F2C903BBF00A5E920 /* Debug */ = {
			isa = XCBuildConfiguration;
			buildSettings = {
				ASSETCATALOG_COMPILER_APPICON_NAME = AppIcon;
				ASSETCATALOG_COMPILER_GLOBAL_ACCENT_COLOR_NAME = AccentColor;
				CODE_SIGN_STYLE = Automatic;
				CURRENT_PROJECT_VERSION = 1;
				DEVELOPMENT_ASSET_PATHS = "\"h240910SwiftUIApp/Preview Content\"";
				ENABLE_PREVIEWS = YES;
				GENERATE_INFOPLIST_FILE = YES;
				INFOPLIST_KEY_UIApplicationSceneManifest_Generation = YES;
				INFOPLIST_KEY_UIApplicationSupportsIndirectInputEvents = YES;
				INFOPLIST_KEY_UILaunchScreen_Generation = YES;
				INFOPLIST_KEY_UISupportedInterfaceOrientations_iPad = "UIInterfaceOrientationPortrait UIInterfaceOrientationPortraitUpsideDown UIInterfaceOrientationLandscapeLeft UIInterfaceOrientationLandscapeRight";
				INFOPLIST_KEY_UISupportedInterfaceOrientations_iPhone = "UIInterfaceOrientationPortrait UIInterfaceOrientationLandscapeLeft UIInterfaceOrientationLandscapeRight";
				LD_RUNPATH_SEARCH_PATHS = (
					"$(inherited)",
					"@executable_path/Frameworks",
				);
				MARKETING_VERSION = 1.0;
				PRODUCT_BUNDLE_IDENTIFIER = com.hwadx.h240910SwiftUIApp;
				PRODUCT_NAME = "$(TARGET_NAME)";
				SWIFT_EMIT_LOC_STRINGS = YES;
				SWIFT_VERSION = 5.0;
				TARGETED_DEVICE_FAMILY = "1,2";
			};
			name = Debug;
		};
		8D5EE5102C903BBF00A5E920 /* Release */ = {
			isa = XCBuildConfiguration;
			buildSettings = {
				ASSETCATALOG_COMPILER_APPICON_NAME = AppIcon;
				ASSETCATALOG_COMPILER_GLOBAL_ACCENT_COLOR_NAME = AccentColor;
				CODE_SIGN_STYLE = Automatic;
				CURRENT_PROJECT_VERSION = 1;
				DEVELOPMENT_ASSET_PATHS = "\"h240910SwiftUIApp/Preview Content\"";
				ENABLE_PREVIEWS = YES;
				GENERATE_INFOPLIST_FILE = YES;
				INFOPLIST_KEY_UIApplicationSceneManifest_Generation = YES;
				INFOPLIST_KEY_UIApplicationSupportsIndirectInputEvents = YES;
				INFOPLIST_KEY_UILaunchScreen_Generation = YES;
				INFOPLIST_KEY_UISupportedInterfaceOrientations_iPad = "UIInterfaceOrientationPortrait UIInterfaceOrientationPortraitUpsideDown UIInterfaceOrientationLandscapeLeft UIInterfaceOrientationLandscapeRight";
				INFOPLIST_KEY_UISupportedInterfaceOrientations_iPhone = "UIInterfaceOrientationPortrait UIInterfaceOrientationLandscapeLeft UIInterfaceOrientationLandscapeRight";
				LD_RUNPATH_SEARCH_PATHS = (
					"$(inherited)",
					"@executable_path/Frameworks",
				);
				MARKETING_VERSION = 1.0;
				PRODUCT_BUNDLE_IDENTIFIER = com.hwadx.h240910SwiftUIApp;
				PRODUCT_NAME = "$(TARGET_NAME)";
				SWIFT_EMIT_LOC_STRINGS = YES;
				SWIFT_VERSION = 5.0;
				TARGETED_DEVICE_FAMILY = "1,2";
			};
			name = Release;
		};
		8D5EE5122C903BBF00A5E920 /* Debug */ = {
			isa = XCBuildConfiguration;
			buildSettings = {
				BUNDLE_LOADER = "$(TEST_HOST)";
				CODE_SIGN_STYLE = Automatic;
				CURRENT_PROJECT_VERSION = 1;
				GENERATE_INFOPLIST_FILE = YES;
				IPHONEOS_DEPLOYMENT_TARGET = 18.0;
				MARKETING_VERSION = 1.0;
				PRODUCT_BUNDLE_IDENTIFIER = com.hwadx.h240910SwiftUIAppTests;
				PRODUCT_NAME = "$(TARGET_NAME)";
				SWIFT_EMIT_LOC_STRINGS = NO;
				SWIFT_VERSION = 5.0;
				TARGETED_DEVICE_FAMILY = "1,2";
				TEST_HOST = "$(BUILT_PRODUCTS_DIR)/h240910SwiftUIApp.app/$(BUNDLE_EXECUTABLE_FOLDER_PATH)/h240910SwiftUIApp";
			};
			name = Debug;
		};
		8D5EE5132C903BBF00A5E920 /* Release */ = {
			isa = XCBuildConfiguration;
			buildSettings = {
				BUNDLE_LOADER = "$(TEST_HOST)";
				CODE_SIGN_STYLE = Automatic;
				CURRENT_PROJECT_VERSION = 1;
				GENERATE_INFOPLIST_FILE = YES;
				IPHONEOS_DEPLOYMENT_TARGET = 18.0;
				MARKETING_VERSION = 1.0;
				PRODUCT_BUNDLE_IDENTIFIER = com.hwadx.h240910SwiftUIAppTests;
				PRODUCT_NAME = "$(TARGET_NAME)";
				SWIFT_EMIT_LOC_STRINGS = NO;
				SWIFT_VERSION = 5.0;
				TARGETED_DEVICE_FAMILY = "1,2";
				TEST_HOST = "$(BUILT_PRODUCTS_DIR)/h240910SwiftUIApp.app/$(BUNDLE_EXECUTABLE_FOLDER_PATH)/h240910SwiftUIApp";
			};
			name = Release;
		};
		8D5EE5152C903BBF00A5E920 /* Debug */ = {
			isa = XCBuildConfiguration;
			buildSettings = {
				CODE_SIGN_STYLE = Automatic;
				CURRENT_PROJECT_VERSION = 1;
				GENERATE_INFOPLIST_FILE = YES;
				MARKETING_VERSION = 1.0;
				PRODUCT_BUNDLE_IDENTIFIER = com.hwadx.h240910SwiftUIAppUITests;
				PRODUCT_NAME = "$(TARGET_NAME)";
				SWIFT_EMIT_LOC_STRINGS = NO;
				SWIFT_VERSION = 5.0;
				TARGETED_DEVICE_FAMILY = "1,2";
				TEST_TARGET_NAME = h240910SwiftUIApp;
			};
			name = Debug;
		};
		8D5EE5162C903BBF00A5E920 /* Release */ = {
			isa = XCBuildConfiguration;
			buildSettings = {
				CODE_SIGN_STYLE = Automatic;
				CURRENT_PROJECT_VERSION = 1;
				GENERATE_INFOPLIST_FILE = YES;
				MARKETING_VERSION = 1.0;
				PRODUCT_BUNDLE_IDENTIFIER = com.hwadx.h240910SwiftUIAppUITests;
				PRODUCT_NAME = "$(TARGET_NAME)";
				SWIFT_EMIT_LOC_STRINGS = NO;
				SWIFT_VERSION = 5.0;
				TARGETED_DEVICE_FAMILY = "1,2";
				TEST_TARGET_NAME = h240910SwiftUIApp;
			};
			name = Release;
		};
/* End XCBuildConfiguration section */

/* Begin XCConfigurationList section */
		8D5EE4E32C903BBD00A5E920 /* Build configuration list for PBXProject "h240910SwiftUIApp" */ = {
			isa = XCConfigurationList;
			buildConfigurations = (
				8D5EE50C2C903BBF00A5E920 /* Debug */,
				8D5EE50D2C903BBF00A5E920 /* Release */,
			);
			defaultConfigurationIsVisible = 0;
			defaultConfigurationName = Release;
		};
		8D5EE50E2C903BBF00A5E920 /* Build configuration list for PBXNativeTarget "h240910SwiftUIApp" */ = {
			isa = XCConfigurationList;
			buildConfigurations = (
				8D5EE50F2C903BBF00A5E920 /* Debug */,
				8D5EE5102C903BBF00A5E920 /* Release */,
			);
			defaultConfigurationIsVisible = 0;
			defaultConfigurationName = Release;
		};
		8D5EE5112C903BBF00A5E920 /* Build configuration list for PBXNativeTarget "h240910SwiftUIAppTests" */ = {
			isa = XCConfigurationList;
			buildConfigurations = (
				8D5EE5122C903BBF00A5E920 /* Debug */,
				8D5EE5132C903BBF00A5E920 /* Release */,
			);
			defaultConfigurationIsVisible = 0;
			defaultConfigurationName = Release;
		};
		8D5EE5142C903BBF00A5E920 /* Build configuration list for PBXNativeTarget "h240910SwiftUIAppUITests" */ = {
			isa = XCConfigurationList;
			buildConfigurations = (
				8D5EE5152C903BBF00A5E920 /* Debug */,
				8D5EE5162C903BBF00A5E920 /* Release */,
			);
			defaultConfigurationIsVisible = 0;
			defaultConfigurationName = Release;
		};
/* End XCConfigurationList section */
	};
	rootObject = 8D5EE4E02C903BBD00A5E920 /* Project object */;
}
